
Microsoft Visual Studio Solution File, Format Version 12.00
# Visual Studio Version 17
VisualStudioVersion = 17.14.36301.6 d17.14
MinimumVisualStudioVersion = 10.0.40219.1
Project("{FAE04EC0-301F-11D3-BF4B-00C04F79EFBC}") = "MinimumSpanningTree", "MinimumSpanningTree\MinimumSpanningTree.csproj", "{47BCEAE1-9EFE-4C2D-AF02-2703DE5D4323}"
EndProject
Global
	GlobalSection(SolutionConfigurationPlatforms) = preSolution
		Debug|Any CPU = Debug|Any CPU
		Release|Any CPU = Release|Any CPU
	EndGlobalSection
	GlobalSection(ProjectConfigurationPlatforms) = postSolution
		{47BCEAE1-9EFE-4C2D-AF02-2703DE5D4323}.Debug|Any CPU.ActiveCfg = Debug|Any CPU
		{47BCEAE1-9EFE-4C2D-AF02-2703DE5D4323}.Debug|Any CPU.Build.0 = Debug|Any CPU
		{47BCEAE1-9EFE-4C2D-AF02-2703DE5D4323}.Release|Any CPU.ActiveCfg = Release|Any CPU
		{47BCEAE1-9EFE-4C2D-AF02-2703DE5D4323}.Release|Any CPU.Build.0 = Release|Any CPU
	EndGlobalSection
	GlobalSection(SolutionProperties) = preSolution
		HideSolutionNode = FALSE
	EndGlobalSection
	GlobalSection(ExtensibilityGlobals) = postSolution
		SolutionGuid = {C11997D1-D2F3-411B-8180-EF954E3E799F}
	EndGlobalSection
EndGlobal
